Microsoft Visual Studio Solution File, Format Version 11.00
# Visual Studio 2010
Project("{8BC9CEB8-8B4A-11D0-8D11-00A0C91BC942}") = "anypia32", "anypia32.vcxproj", "{04D12005-AA76-430E-903A-4ED955E06AA3}"
EndProject
Project("{8BC9CEB8-8B4A-11D0-8D11-00A0C91BC942}") = "misc", "..\oactobjs32\misc\misc.vcxproj", "{9F7729AC-CF56-48F6-A8CF-13E30D5E5928}"
EndProject
Project("{8BC9CEB8-8B4A-11D0-8D11-00A0C91BC942}") = "piadata", "..\oactobjs32\piadata\piadata.vcxproj", "{EF4E5AE3-6B6D-4AF0-8634-7BA4CD24AF58}"
EndProject
Project("{8BC9CEB8-8B4A-11D0-8D11-00A0C91BC942}") = "piaout", "..\oactobjs32\piaout\piaout.vcxproj", "{A2F446FD-5F0A-4E06-8375-9D2D15904417}"
EndProject
Project("{8BC9CEB8-8B4A-11D0-8D11-00A0C91BC942}") = "windows", "..\oactobjs32\windows\windows.vcxproj", "{20224353-C8EA-4B5F-B956-2348B8D174F6}"
EndProject
Global
	GlobalSection(SolutionConfigurationPlatforms) = preSolution
		Debug|Win32 = Debug|Win32
		Release|Win32 = Release|Win32
	EndGlobalSection
	GlobalSection(ProjectConfigurationPlatforms) = postSolution
		{04D12005-AA76-430E-903A-4ED955E06AA3}.Debug|Win32.ActiveCfg = Debug|Win32
		{04D12005-AA76-430E-903A-4ED955E06AA3}.Debug|Win32.Build.0 = Debug|Win32
		{04D12005-AA76-430E-903A-4ED955E06AA3}.Release|Win32.ActiveCfg = Release|Win32
		{04D12005-AA76-430E-903A-4ED955E06AA3}.Release|Win32.Build.0 = Release|Win32
		{9F7729AC-CF56-48F6-A8CF-13E30D5E5928}.Debug|Win32.ActiveCfg = Debug|Win32
		{9F7729AC-CF56-48F6-A8CF-13E30D5E5928}.Debug|Win32.Build.0 = Debug|Win32
		{9F7729AC-CF56-48F6-A8CF-13E30D5E5928}.Release|Win32.ActiveCfg = Release|Win32
		{9F7729AC-CF56-48F6-A8CF-13E30D5E5928}.Release|Win32.Build.0 = Release|Win32
		{EF4E5AE3-6B6D-4AF0-8634-7BA4CD24AF58}.Debug|Win32.ActiveCfg = Debug|Win32
		{EF4E5AE3-6B6D-4AF0-8634-7BA4CD24AF58}.Debug|Win32.Build.0 = Debug|Win32
		{EF4E5AE3-6B6D-4AF0-8634-7BA4CD24AF58}.Release|Win32.ActiveCfg = Release|Win32
		{EF4E5AE3-6B6D-4AF0-8634-7BA4CD24AF58}.Release|Win32.Build.0 = Release|Win32
		{A2F446FD-5F0A-4E06-8375-9D2D15904417}.Debug|Win32.ActiveCfg = Debug|Win32
		{A2F446FD-5F0A-4E06-8375-9D2D15904417}.Debug|Win32.Build.0 = Debug|Win32
		{A2F446FD-5F0A-4E06-8375-9D2D15904417}.Release|Win32.ActiveCfg = Release|Win32
		{A2F446FD-5F0A-4E06-8375-9D2D15904417}.Release|Win32.Build.0 = Release|Win32
		{20224353-C8EA-4B5F-B956-2348B8D174F6}.Debug|Win32.ActiveCfg = Debug|Win32
		{20224353-C8EA-4B5F-B956-2348B8D174F6}.Debug|Win32.Build.0 = Debug|Win32
		{20224353-C8EA-4B5F-B956-2348B8D174F6}.Release|Win32.ActiveCfg = Release|Win32
		{20224353-C8EA-4B5F-B956-2348B8D174F6}.Release|Win32.Build.0 = Release|Win32
	EndGlobalSection
	GlobalSection(SolutionProperties) = preSolution
		HideSolutionNode = FALSE
	EndGlobalSection
EndGlobal
